# THIS IS AN AUTOGENERATED FILE. DO NOT EDIT THIS FILE DIRECTLY.
# yarn lockfile v1


lena.js@^0.8.0:
  version "0.8.0"
  resolved "https://registry.yarnpkg.com/lena.js/-/lena.js-0.8.0.tgz#134d3e16a8f7283eeabc4c90e2b2f220274c79a7"
  integrity sha512-sIx1NgZ3gWqHABDYD7NsCivrlxxHBLw++udE2SblmgpXd6MHRdKPBmmQXHOIoT7Rm7FeSm1IesAJjvYIQISCjg==
